// !$*UTF8*$!
{
	archiveVersion = 1;
	classes = {
	};
	objectVersion = 55;
	objects = {

/* Begin PBXBuildFile section */
		C09120CC27B5010F006CB085 /* AppDelegate.swift in Sources */ = {isa = PBXBuildFile; fileRef = C09120CB27B5010F006CB085 /* AppDelegate.swift */; };
		C09120CE27B5010F006CB085 /* SceneDelegate.swift in Sources */ = {isa = PBXBuildFile; fileRef = C09120CD27B5010F006CB085 /* SceneDelegate.swift */; };
		C09120D027B5010F006CB085 /* ViewController.swift in Sources */ = {isa = PBXBuildFile; fileRef = C09120CF27B5010F006CB085 /* ViewController.swift */; };
		C09120D327B5010F006CB085 /* Main.storyboard in Resources */ = {isa = PBXBuildFile; fileRef = C09120D127B5010F006CB085 /* Main.storyboard */; };
		C09120D527B50110006CB085 /* Assets.xcassets in Resources */ = {isa = PBXBuildFile; fileRef = C09120D427B50110006CB085 /* Assets.xcassets */; };
		C09120D827B50110006CB085 /* LaunchScreen.storyboard in Resources */ = {isa = PBXBuildFile; fileRef = C09120D627B50110006CB085 /* LaunchScreen.storyboard */; };
		C09120E327B50110006CB085 /* buggy_projectTests.swift in Sources */ = {isa = PBXBuildFile; fileRef = C09120E227B50110006CB085 /* buggy_projectTests.swift */; };
		C09120ED27B50110006CB085 /* buggy_projectUITests.swift in Sources */ = {isa = PBXBuildFile; fileRef = C09120EC27B50110006CB085 /* buggy_projectUITests.swift */; };
		C09120EF27B50110006CB085 /* buggy_projectUITestsLaunchTests.swift in Sources */ = {isa = PBXBuildFile; fileRef = C09120EE27B50110006CB085 /* buggy_projectUITestsLaunchTests.swift */; };
/* End PBXBuildFile section */

/* Begin PBXContainerItemProxy section */
		C09120DF27B50110006CB085 /* PBXContainerItemProxy */ = {
			isa = PBXContainerItemProxy;
			containerPortal = C09120C027B5010F006CB085 /* Project object */;
			proxyType = 1;
			remoteGlobalIDString = C09120C727B5010F006CB085;
			remoteInfo = "buggy-project";
		};
		C09120E927B50110006CB085 /* PBXContainerItemProxy */ = {
			isa = PBXContainerItemProxy;
			containerPortal = C09120C027B5010F006CB085 /* Project object */;
			proxyType = 1;
			remoteGlobalIDString = C09120C727B5010F006CB085;
			remoteInfo = "buggy-project";
		};
/* End PBXContainerItemProxy section */

/* Begin PBXFileReference section */
		C09120C827B5010F006CB085 /* buggy-project.app */ = {isa = PBXFileReference; explicitFileType = wrapper.application; includeInIndex = 0; path = "buggy-project.app"; sourceTree = BUILT_PRODUCTS_DIR; };
		C09120CB27B5010F006CB085 /* AppDelegate.swift */ = {isa = PBXFileReference; lastKnownFileType = sourcecode.swift; path = AppDelegate.swift; sourceTree = "<group>"; };
		C09120CD27B5010F006CB085 /* SceneDelegate.swift */ = {isa = PBXFileReference; lastKnownFileType = sourcecode.swift; path = SceneDelegate.swift; sourceTree = "<group>"; };
		C09120CF27B5010F006CB085 /* ViewController.swift */ = {isa = PBXFileReference; lastKnownFileType = sourcecode.swift; path = ViewController.swift; sourceTree = "<group>"; };
		C09120D227B5010F006CB085 /* Base */ = {isa = PBXFileReference; lastKnownFileType = file.storyboard; name = Base; path = Base.lproj/Main.storyboard; sourceTree = "<group>"; };
		C09120D427B50110006CB085 /* Assets.xcassets */ = {isa = PBXFileReference; lastKnownFileType = folder.assetcatalog; path = Assets.xcassets; sourceTree = "<group>"; };
		C09120D727B50110006CB085 /* Base */ = {isa = PBXFileReference; lastKnownFileType = file.storyboard; name = Base; path = Base.lproj/LaunchScreen.storyboard; sourceTree = "<group>"; };
		C09120D927B50110006CB085 /* Info.plist */ = {isa = PBXFileReference; lastKnownFileType = text.plist.xml; path = Info.plist; sourceTree = "<group>"; };
		C09120DE27B50110006CB085 /* buggy-projectTests.xctest */ = {isa = PBXFileReference; explicitFileType = wrapper.cfbundle; includeInIndex = 0; path = "buggy-projectTests.xctest"; sourceTree = BUILT_PRODUCTS_DIR; };
		C09120E227B50110006CB085 /* buggy_projectTests.swift */ = {isa = PBXFileReference; lastKnownFileType = sourcecode.swift; path = buggy_projectTests.swift; sourceTree = "<group>"; };
		C09120E827B50110006CB085 /* buggy-projectUITests.xctest */ = {isa = PBXFileReference; explicitFileType = wrapper.cfbundle; includeInIndex = 0; path = "buggy-projectUITests.xctest"; sourceTree = BUILT_PRODUCTS_DIR; };
		C09120EC27B50110006CB085 /* buggy_projectUITests.swift */ = {isa = PBXFileReference; lastKnownFileType = sourcecode.swift; path = buggy_projectUITests.swift; sourceTree = "<group>"; };
		C09120EE27B50110006CB085 /* buggy_projectUITestsLaunchTests.swift */ = {isa = PBXFileReference; lastKnownFileType = sourcecode.swift; path = buggy_projectUITestsLaunchTests.swift; sourceTree = "<group>"; };
/* End PBXFileReference section */

/* Begin PBXFrameworksBuildPhase section */
		C09120C527B5010F006CB085 /* Frameworks */ = {
			isa = PBXFrameworksBuildPhase;
			buildActionMask = 2147483647;
			files = (
			);
			runOnlyForDeploymentPostprocessing = 0;
		};
		C09120DB27B50110006CB085 /* Frameworks */ = {
			isa = PBXFrameworksBuildPhase;
			buildActionMask = 2147483647;
			files = (
			);
			runOnlyForDeploymentPostprocessing = 0;
		};
		C09120E527B50110006CB085 /* Frameworks */ = {
			isa = PBXFrameworksBuildPhase;
			buildActionMask = 2147483647;
			files = (
			);
			runOnlyForDeploymentPostprocessing = 0;
		};
/* End PBXFrameworksBuildPhase section */

/* Begin PBXGroup section */
		C09120BF27B5010F006CB085 = {
			isa = PBXGroup;
			children = (
				C09120CA27B5010F006CB085 /* buggy-project */,
				C09120E127B50110006CB085 /* buggy-projectTests */,
				C09120EB27B50110006CB085 /* buggy-projectUITests */,
				C09120C927B5010F006CB085 /* Products */,
			);
			sourceTree = "<group>";
		};
		C09120C927B5010F006CB085 /* Products */ = {
			isa = PBXGroup;
			children = (
				C09120C827B5010F006CB085 /* buggy-project.app */,
				C09120DE27B50110006CB085 /* buggy-projectTests.xctest */,
				C09120E827B50110006CB085 /* buggy-projectUITests.xctest */,
			);
			name = Products;
			sourceTree = "<group>";
		};
		C09120CA27B5010F006CB085 /* buggy-project */ = {
			isa = PBXGroup;
			children = (
				C09120CB27B5010F006CB085 /* AppDelegate.swift */,
				C09120CD27B5010F006CB085 /* SceneDelegate.swift */,
				C09120CF27B5010F006CB085 /* ViewController.swift */,
				C09120D127B5010F006CB085 /* Main.storyboard */,
				C09120D427B50110006CB085 /* Assets.xcassets */,
				C09120D627B50110006CB085 /* LaunchScreen.storyboard */,
				C09120D927B50110006CB085 /* Info.plist */,
			);
			path = "buggy-project";
			sourceTree = "<group>";
		};
		C09120E127B50110006CB085 /* buggy-projectTests */ = {
			isa = PBXGroup;
			children = (
				C09120E227B50110006CB085 /* buggy_projectTests.swift */,
			);
			path = "buggy-projectTests";
			sourceTree = "<group>";
		};
		C09120EB27B50110006CB085 /* buggy-projectUITests */ = {
			isa = PBXGroup;
			children = (
				C09120EC27B50110006CB085 /* buggy_projectUITests.swift */,
				C09120EE27B50110006CB085 /* buggy_projectUITestsLaunchTests.swift */,
			);
			path = "buggy-projectUITests";
			sourceTree = "<group>";
		};
/* End PBXGroup section */

/* Begin PBXNativeTarget section */
		C09120C727B5010F006CB085 /* buggy-project */ = {
			isa = PBXNativeTarget;
			buildConfigurationList = C09120F227B50110006CB085 /* Build configuration list for PBXNativeTarget "buggy-project" */;
			buildPhases = (
				C09120C427B5010F006CB085 /* Sources */,
				C09120C527B5010F006CB085 /* Frameworks */,
				C09120C627B5010F006CB085 /* Resources */,
			);
			buildRules = (
			);
			dependencies = (
			);
			name = "buggy-project";
			productName = "buggy-project";
			productReference = C09120C827B5010F006CB085 /* buggy-project.app */;
			productType = "com.apple.product-type.application";
		};
		C09120DD27B50110006CB085 /* buggy-projectTests */ = {
			isa = PBXNativeTarget;
			buildConfigurationList = C09120F527B50110006CB085 /* Build configuration list for PBXNativeTarget "buggy-projectTests" */;
			buildPhases = (
				C09120DA27B50110006CB085 /* Sources */,
				C09120DB27B50110006CB085 /* Frameworks */,
				C09120DC27B50110006CB085 /* Resources */,
			);
			buildRules = (
			);
			dependencies = (
				C09120E027B50110006CB085 /* PBXTargetDependency */,
			);
			name = "buggy-projectTests";
			productName = "buggy-projectTests";
			productReference = C09120DE27B50110006CB085 /* buggy-projectTests.xctest */;
			productType = "com.apple.product-type.bundle.unit-test";
		};
		C09120E727B50110006CB085 /* buggy-projectUITests */ = {
			isa = PBXNativeTarget;
			buildConfigurationList = C09120F827B50110006CB085 /* Build configuration list for PBXNativeTarget "buggy-projectUITests" */;
			buildPhases = (
				C09120E427B50110006CB085 /* Sources */,
				C09120E527B50110006CB085 /* Frameworks */,
				C09120E627B50110006CB085 /* Resources */,
			);
			buildRules = (
			);
			dependencies = (
				C09120EA27B50110006CB085 /* PBXTargetDependency */,
			);
			name = "buggy-projectUITests";
			productName = "buggy-projectUITests";
			productReference = C09120E827B50110006CB085 /* buggy-projectUITests.xctest */;
			productType = "com.apple.product-type.bundle.ui-testing";
		};
/* End PBXNativeTarget section */

/* Begin PBXProject section */
		C09120C027B5010F006CB085 /* Project object */ = {
			isa = PBXProject;
			attributes = {
				BuildIndependentTargetsInParallel = 1;
				LastSwiftUpdateCheck = 1320;
				LastUpgradeCheck = 1320;
				TargetAttributes = {
					C09120C727B5010F006CB085 = {
						CreatedOnToolsVersion = 13.2.1;
					};
					C09120DD27B50110006CB085 = {
						CreatedOnToolsVersion = 13.2.1;
						TestTargetID = C09120C727B5010F006CB085;
					};
					C09120E727B50110006CB085 = {
						CreatedOnToolsVersion = 13.2.1;
						TestTargetID = C09120C727B5010F006CB085;
					};
				};
			};
			buildConfigurationList = C09120C327B5010F006CB085 /* Build configuration list for PBXProject "buggy-project" */;
			compatibilityVersion = "Xcode 13.0";
			developmentRegion = en;
			hasScannedForEncodings = 0;
			knownRegions = (
				en,
				Base,
			);
			mainGroup = C09120BF27B5010F006CB085;
			productRefGroup = C09120C927B5010F006CB085 /* Products */;
			projectDirPath = "";
			projectRoot = "";
			targets = (
				C09120C727B5010F006CB085 /* buggy-project */,
				C09120DD27B50110006CB085 /* buggy-projectTests */,
				C09120E727B50110006CB085 /* buggy-projectUITests */,
			);
		};
/* End PBXProject section */

/* Begin PBXResourcesBuildPhase section */
		C09120C627B5010F006CB085 /* Resources */ = {
			isa = PBXResourcesBuildPhase;
			buildActionMask = 2147483647;
			files = (
				C09120D827B50110006CB085 /* LaunchScreen.storyboard in Resources */,
				C09120D527B50110006CB085 /* Assets.xcassets in Resources */,
				C09120D327B5010F006CB085 /* Main.storyboard in Resources */,
			);
			runOnlyForDeploymentPostprocessing = 0;
		};
		C09120DC27B50110006CB085 /* Resources */ = {
			isa = PBXResourcesBuildPhase;
			buildActionMask = 2147483647;
			files = (
			);
			runOnlyForDeploymentPostprocessing = 0;
		};
		C09120E627B50110006CB085 /* Resources */ = {
			isa = PBXResourcesBuildPhase;
			buildActionMask = 2147483647;
			files = (
			);
			runOnlyForDeploymentPostprocessing = 0;
		};
/* End PBXResourcesBuildPhase section */

/* Begin PBXSourcesBuildPhase section */
		C09120C427B5010F006CB085 /* Sources */ = {
			isa = PBXSourcesBuildPhase;
			buildActionMask = 2147483647;
			files = (
				C09120D027B5010F006CB085 /* ViewController.swift in Sources */,
				C09120CC27B5010F006CB085 /* AppDelegate.swift in Sources */,
				C09120CE27B5010F006CB085 /* SceneDelegate.swift in Sources */,
			);
			runOnlyForDeploymentPostprocessing = 0;
		};
		C09120DA27B50110006CB085 /* Sources */ = {
			isa = PBXSourcesBuildPhase;
			buildActionMask = 2147483647;
			files = (
				C09120E327B50110006CB085 /* buggy_projectTests.swift in Sources */,
			);
			runOnlyForDeploymentPostprocessing = 0;
		};
		C09120E427B50110006CB085 /* Sources */ = {
			isa = PBXSourcesBuildPhase;
			buildActionMask = 2147483647;
			files = (
				C09120ED27B50110006CB085 /* buggy_projectUITests.swift in Sources */,
				C09120EF27B50110006CB085 /* buggy_projectUITestsLaunchTests.swift in Sources */,
			);
			runOnlyForDeploymentPostprocessing = 0;
		};
/* End PBXSourcesBuildPhase section */

/* Begin PBXTargetDependency section */
		C09120E027B50110006CB085 /* PBXTargetDependency */ = {
			isa = PBXTargetDependency;
			target = C09120C727B5010F006CB085 /* buggy-project */;
			targetProxy = C09120DF27B50110006CB085 /* PBXContainerItemProxy */;
		};
		C09120EA27B50110006CB085 /* PBXTargetDependency */ = {
			isa = PBXTargetDependency;
			target = C09120C727B5010F006CB085 /* buggy-project */;
			targetProxy = C09120E927B50110006CB085 /* PBXContainerItemProxy */;
		};
/* End PBXTargetDependency section */

/* Begin PBXVariantGroup section */
		C09120D127B5010F006CB085 /* Main.storyboard */ = {
			isa = PBXVariantGroup;
			children = (
				C09120D227B5010F006CB085 /* Base */,
			);
			name = Main.storyboard;
			sourceTree = "<group>";
		};
		C09120D627B50110006CB085 /* LaunchScreen.storyboard */ = {
			isa = PBXVariantGroup;
			children = (
				C09120D727B50110006CB085 /* Base */,
			);
			name = LaunchScreen.storyboard;
			sourceTree = "<group>";
		};
/* End PBXVariantGroup section */

/* Begin XCBuildConfiguration section */
		C09120F027B50110006CB085 /* Debug */ = {
			isa = XCBuildConfiguration;
			buildSettings = {
				ALWAYS_SEARCH_USER_PATHS = NO;
				CLANG_ANALYZER_NONNULL = YES;
				CLANG_ANALYZER_NUMBER_OBJECT_CONVERSION = YES_AGGRESSIVE;
				CLANG_CXX_LANGUAGE_STANDARD = "gnu++17";
				CLANG_CXX_LIBRARY = "libc++";
				CLANG_ENABLE_MODULES = YES;
				CLANG_ENABLE_OBJC_ARC = YES;
				CLANG_ENABLE_OBJC_WEAK = YES;
				CLANG_WARN_BLOCK_CAPTURE_AUTORELEASING = YES;
				CLANG_WARN_BOOL_CONVERSION = YES;
				CLANG_WARN_COMMA = YES;
				CLANG_WARN_CONSTANT_CONVERSION = YES;
				CLANG_WARN_DEPRECATED_OBJC_IMPLEMENTATIONS = YES;
				CLANG_WARN_DIRECT_OBJC_ISA_USAGE = YES_ERROR;
				CLANG_WARN_DOCUMENTATION_COMMENTS = YES;
				CLANG_WARN_EMPTY_BODY = YES;
				CLANG_WARN_ENUM_CONVERSION = YES;
				CLANG_WARN_INFINITE_RECURSION = YES;
				CLANG_WARN_INT_CONVERSION = YES;
				CLANG_WARN_NON_LITERAL_NULL_CONVERSION = YES;
				CLANG_WARN_OBJC_IMPLICIT_RETAIN_SELF = YES;
				CLANG_WARN_OBJC_LITERAL_CONVERSION = YES;
				CLANG_WARN_OBJC_ROOT_CLASS = YES_ERROR;
				CLANG_WARN_QUOTED_INCLUDE_IN_FRAMEWORK_HEADER = YES;
				CLANG_WARN_RANGE_LOOP_ANALYSIS = YES;
				CLANG_WARN_STRICT_PROTOTYPES = YES;
				CLANG_WARN_SUSPICIOUS_MOVE = YES;
				CLANG_WARN_UNGUARDED_AVAILABILITY = YES_AGGRESSIVE;
				CLANG_WARN_UNREACHABLE_CODE = YES;
				CLANG_WARN__DUPLICATE_METHOD_MATCH = YES;
				COPY_PHASE_STRIP = NO;
				DEBUG_INFORMATION_FORMAT = dwarf;
				ENABLE_STRICT_OBJC_MSGSEND = YES;
				ENABLE_TESTABILITY = YES;
				GCC_C_LANGUAGE_STANDARD = gnu11;
				GCC_DYNAMIC_NO_PIC = NO;
				GCC_NO_COMMON_BLOCKS = YES;
				GCC_OPTIMIZATION_LEVEL = 0;
				GCC_PREPROCESSOR_DEFINITIONS = (
					"DEBUG=1",
					"$(inherited)",
				);
				GCC_WARN_64_TO_32_BIT_CONVERSION = YES;
				GCC_WARN_ABOUT_RETURN_TYPE = YES_ERROR;
				GCC_WARN_UNDECLARED_SELECTOR = YES;
				GCC_WARN_UNINITIALIZED_AUTOS = YES_AGGRESSIVE;
				GCC_WARN_UNUSED_FUNCTION = YES;
				GCC_WARN_UNUSED_VARIABLE = YES;
				IPHONEOS_DEPLOYMENT_TARGET = 15.2;
				MTL_ENABLE_DEBUG_INFO = INCLUDE_SOURCE;
				MTL_FAST_MATH = YES;
				ONLY_ACTIVE_ARCH = YES;
				SDKROOT = iphoneos;
				SWIFT_ACTIVE_COMPILATION_CONDITIONS = DEBUG;
				SWIFT_OPTIMIZATION_LEVEL = "-Onone";
			};
			name = Debug;
		};
		C09120F127B50110006CB085 /* Release */ = {
			isa = XCBuildConfiguration;
			buildSettings = {
				ALWAYS_SEARCH_USER_PATHS = NO;
				CLANG_ANALYZER_NONNULL = YES;
				CLANG_ANALYZER_NUMBER_OBJECT_CONVERSION = YES_AGGRESSIVE;
				CLANG_CXX_LANGUAGE_STANDARD = "gnu++17";
				CLANG_CXX_LIBRARY = "libc++";
				CLANG_ENABLE_MODULES = YES;
				CLANG_ENABLE_OBJC_ARC = YES;
				CLANG_ENABLE_OBJC_WEAK = YES;
				CLANG_WARN_BLOCK_CAPTURE_AUTORELEASING = YES;
				CLANG_WARN_BOOL_CONVERSION = YES;
				CLANG_WARN_COMMA = YES;
				CLANG_WARN_CONSTANT_CONVERSION = YES;
				CLANG_WARN_DEPRECATED_OBJC_IMPLEMENTATIONS = YES;
				CLANG_WARN_DIRECT_OBJC_ISA_USAGE = YES_ERROR;
				CLANG_WARN_DOCUMENTATION_COMMENTS = YES;
				CLANG_WARN_EMPTY_BODY = YES;
				CLANG_WARN_ENUM_CONVERSION = YES;
				CLANG_WARN_INFINITE_RECURSION = YES;
				CLANG_WARN_INT_CONVERSION = YES;
				CLANG_WARN_NON_LITERAL_NULL_CONVERSION = YES;
				CLANG_WARN_OBJC_IMPLICIT_RETAIN_SELF = YES;
				CLANG_WARN_OBJC_LITERAL_CONVERSION = YES;
				CLANG_WARN_OBJC_ROOT_CLASS = YES_ERROR;
				CLANG_WARN_QUOTED_INCLUDE_IN_FRAMEWORK_HEADER = YES;
				CLANG_WARN_RANGE_LOOP_ANALYSIS = YES;
				CLANG_WARN_STRICT_PROTOTYPES = YES;
				CLANG_WARN_SUSPICIOUS_MOVE = YES;
				CLANG_WARN_UNGUARDED_AVAILABILITY = YES_AGGRESSIVE;
				CLANG_WARN_UNREACHABLE_CODE = YES;
				CLANG_WARN__DUPLICATE_METHOD_MATCH = YES;
				COPY_PHASE_STRIP = NO;
				DEBUG_INFORMATION_FORMAT = "dwarf-with-dsym";
				ENABLE_NS_ASSERTIONS = NO;
				ENABLE_STRICT_OBJC_MSGSEND = YES;
				GCC_C_LANGUAGE_STANDARD = gnu11;
				GCC_NO_COMMON_BLOCKS = YES;
				GCC_WARN_64_TO_32_BIT_CONVERSION = YES;
				GCC_WARN_ABOUT_RETURN_TYPE = YES_ERROR;
				GCC_WARN_UNDECLARED_SELECTOR = YES;
				GCC_WARN_UNINITIALIZED_AUTOS = YES_AGGRESSIVE;
				GCC_WARN_UNUSED_FUNCTION = YES;
				GCC_WARN_UNUSED_VARIABLE = YES;
				IPHONEOS_DEPLOYMENT_TARGET = 15.2;
				MTL_ENABLE_DEBUG_INFO = NO;
				MTL_FAST_MATH = YES;
				SDKROOT = iphoneos;
				SWIFT_COMPILATION_MODE = wholemodule;
				SWIFT_OPTIMIZATION_LEVEL = "-O";
				VALIDATE_PRODUCT = YES;
			};
			name = Release;
		};
		C09120F327B50110006CB085 /* Debug */ = {
			isa = XCBuildConfiguration;
			buildSettings = {
				ASSETCATALOG_COMPILER_APPICON_NAME = AppIcon;
				ASSETCATALOG_COMPILER_GLOBAL_ACCENT_COLOR_NAME = AccentColor;
				CODE_SIGN_STYLE = Automatic;
				CURRENT_PROJECT_VERSION = 1;
				DEVELOPMENT_TEAM = 6Z4HL9QVPS;
				GENERATE_INFOPLIST_FILE = YES;
				INFOPLIST_FILE = "buggy-project/Info.plist";
				INFOPLIST_KEY_UIApplicationSupportsIndirectInputEvents = YES;
				INFOPLIST_KEY_UILaunchStoryboardName = LaunchScreen;
				INFOPLIST_KEY_UIMainStoryboardFile = Main;
				INFOPLIST_KEY_UISupportedInterfaceOrientations_iPad = "UIInterfaceOrientationPortrait UIInterfaceOrientationPortraitUpsideDown UIInterfaceOrientationLandscapeLeft UIInterfaceOrientationLandscapeRight";
				INFOPLIST_KEY_UISupportedInterfaceOrientations_iPhone = "UIInterfaceOrientationPortrait UIInterfaceOrientationLandscapeLeft UIInterfaceOrientationLandscapeRight";
				LD_RUNPATH_SEARCH_PATHS = (
					"$(inherited)",
					"@executable_path/Frameworks",
				);
				MARKETING_VERSION = 1.0;
				PRODUCT_BUNDLE_IDENTIFIER = "com.gabriel.buggy-project";
				PRODUCT_NAME = "$(TARGET_NAME)";
				SWIFT_EMIT_LOC_STRINGS = YES;
				SWIFT_VERSION = 5.0;
				TARGETED_DEVICE_FAMILY = "1,2";
			};
			name = Debug;
		};
		C09120F427B50110006CB085 /* Release */ = {
			isa = XCBuildConfiguration;
			buildSettings = {
				ASSETCATALOG_COMPILER_APPICON_NAME = AppIcon;
				ASSETCATALOG_COMPILER_GLOBAL_ACCENT_COLOR_NAME = AccentColor;
				CODE_SIGN_STYLE = Automatic;
				CURRENT_PROJECT_VERSION = 1;
				DEVELOPMENT_TEAM = 6Z4HL9QVPS;
				GENERATE_INFOPLIST_FILE = YES;
				INFOPLIST_FILE = "buggy-project/Info.plist";
				INFOPLIST_KEY_UIApplicationSupportsIndirectInputEvents = YES;
				INFOPLIST_KEY_UILaunchStoryboardName = LaunchScreen;
				INFOPLIST_KEY_UIMainStoryboardFile = Main;
				INFOPLIST_KEY_UISupportedInterfaceOrientations_iPad = "UIInterfaceOrientationPortrait UIInterfaceOrientationPortraitUpsideDown UIInterfaceOrientationLandscapeLeft UIInterfaceOrientationLandscapeRight";
				INFOPLIST_KEY_UISupportedInterfaceOrientations_iPhone = "UIInterfaceOrientationPortrait UIInterfaceOrientationLandscapeLeft UIInterfaceOrientationLandscapeRight";
				LD_RUNPATH_SEARCH_PATHS = (
					"$(inherited)",
					"@executable_path/Frameworks",
				);
				MARKETING_VERSION = 1.0;
				PRODUCT_BUNDLE_IDENTIFIER = "com.gabriel.buggy-project";
				PRODUCT_NAME = "$(TARGET_NAME)";
				SWIFT_EMIT_LOC_STRINGS = YES;
				SWIFT_VERSION = 5.0;
				TARGETED_DEVICE_FAMILY = "1,2";
			};
			name = Release;
		};
		C09120F627B50110006CB085 /* Debug */ = {
			isa = XCBuildConfiguration;
			buildSettings = {
				ALWAYS_EMBED_SWIFT_STANDARD_LIBRARIES = YES;
				BUNDLE_LOADER = "$(TEST_HOST)";
				CODE_SIGN_STYLE = Automatic;
				CURRENT_PROJECT_VERSION = 1;
				DEVELOPMENT_TEAM = 6Z4HL9QVPS;
				GENERATE_INFOPLIST_FILE = YES;
				IPHONEOS_DEPLOYMENT_TARGET = 15.2;
				MARKETING_VERSION = 1.0;
				PRODUCT_BUNDLE_IDENTIFIER = "com.gabriel.buggy-projectTests";
				PRODUCT_NAME = "$(TARGET_NAME)";
				SWIFT_EMIT_LOC_STRINGS = NO;
				SWIFT_VERSION = 5.0;
				TARGETED_DEVICE_FAMILY = "1,2";
				TEST_HOST = "$(BUILT_PRODUCTS_DIR)/buggy-project.app/buggy-project";
			};
			name = Debug;
		};
		C09120F727B50110006CB085 /* Release */ = {
			isa = XCBuildConfiguration;
			buildSettings = {
				ALWAYS_EMBED_SWIFT_STANDARD_LIBRARIES = YES;
				BUNDLE_LOADER = "$(TEST_HOST)";
				CODE_SIGN_STYLE = Automatic;
				CURRENT_PROJECT_VERSION = 1;
				DEVELOPMENT_TEAM = 6Z4HL9QVPS;
				GENERATE_INFOPLIST_FILE = YES;
				IPHONEOS_DEPLOYMENT_TARGET = 15.2;
				MARKETING_VERSION = 1.0;
				PRODUCT_BUNDLE_IDENTIFIER = "com.gabriel.buggy-projectTests";
				PRODUCT_NAME = "$(TARGET_NAME)";
				SWIFT_EMIT_LOC_STRINGS = NO;
				SWIFT_VERSION = 5.0;
				TARGETED_DEVICE_FAMILY = "1,2";
				TEST_HOST = "$(BUILT_PRODUCTS_DIR)/buggy-project.app/buggy-project";
			};
			name = Release;
		};
		C09120F927B50110006CB085 /* Debug */ = {
			isa = XCBuildConfiguration;
			buildSettings = {
				ALWAYS_EMBED_SWIFT_STANDARD_LIBRARIES = YES;
				CODE_SIGN_STYLE = Automatic;
				CURRENT_PROJECT_VERSION = 1;
				DEVELOPMENT_TEAM = 6Z4HL9QVPS;
				GENERATE_INFOPLIST_FILE = YES;
				MARKETING_VERSION = 1.0;
				PRODUCT_BUNDLE_IDENTIFIER = "com.gabriel.buggy-projectUITests";
				PRODUCT_NAME = "$(TARGET_NAME)";
				SWIFT_EMIT_LOC_STRINGS = NO;
				SWIFT_VERSION = 5.0;
				TARGETED_DEVICE_FAMILY = "1,2";
				TEST_TARGET_NAME = "buggy-project";
			};
			name = Debug;
		};
		C09120FA27B50110006CB085 /* Release */ = {
			isa = XCBuildConfiguration;
			buildSettings = {
				ALWAYS_EMBED_SWIFT_STANDARD_LIBRARIES = YES;
				CODE_SIGN_STYLE = Automatic;
				CURRENT_PROJECT_VERSION = 1;
				DEVELOPMENT_TEAM = 6Z4HL9QVPS;
				GENERATE_INFOPLIST_FILE = YES;
				MARKETING_VERSION = 1.0;
				PRODUCT_BUNDLE_IDENTIFIER = "com.gabriel.buggy-projectUITests";
				PRODUCT_NAME = "$(TARGET_NAME)";
				SWIFT_EMIT_LOC_STRINGS = NO;
				SWIFT_VERSION = 5.0;
				TARGETED_DEVICE_FAMILY = "1,2";
				TEST_TARGET_NAME = "buggy-project";
			};
			name = Release;
		};
/* End XCBuildConfiguration section */

/* Begin XCConfigurationList section */
		C09120C327B5010F006CB085 /* Build configuration list for PBXProject "buggy-project" */ = {
			isa = XCConfigurationList;
			buildConfigurations = (
				C09120F027B50110006CB085 /* Debug */,
				C09120F127B50110006CB085 /* Release */,
			);
			defaultConfigurationIsVisible = 0;
			defaultConfigurationName = Release;
		};
		C09120F227B50110006CB085 /* Build configuration list for PBXNativeTarget "buggy-project" */ = {
			isa = XCConfigurationList;
			buildConfigurations = (
				C09120F327B50110006CB085 /* Debug */,
				C09120F427B50110006CB085 /* Release */,
			);
			defaultConfigurationIsVisible = 0;
			defaultConfigurationName = Release;
		};
		C09120F527B50110006CB085 /* Build configuration list for PBXNativeTarget "buggy-projectTests" */ = {
			isa = XCConfigurationList;
			buildConfigurations = (
				C09120F627B50110006CB085 /* Debug */,
				C09120F727B50110006CB085 /* Release */,
			);
			defaultConfigurationIsVisible = 0;
			defaultConfigurationName = Release;
		};
		C09120F827B50110006CB085 /* Build configuration list for PBXNativeTarget "buggy-projectUITests" */ = {
			isa = XCConfigurationList;
			buildConfigurations = (
				C09120F927B50110006CB085 /* Debug */,
				C09120FA27B50110006CB085 /* Release */,
			);
			defaultConfigurationIsVisible = 0;
			defaultConfigurationName = Release;
		};
/* End XCConfigurationList section */
	};
	rootObject = C09120C027B5010F006CB085 /* Project object */;
}
