// !$*UTF8*$!
{
	archiveVersion = 1;
	classes = {
	};
	objectVersion = 55;
	objects = {

/* Begin PBXFileReference section */
		C082DA4F27CC15CE00798B6D /* main.swift */ = {isa = PBXFileReference; lastKnownFileType = sourcecode.swift; path = main.swift; sourceTree = "<group>"; };
/* End PBXFileReference section */

/* Begin PBXGroup section */
		C082DA4727CC159100798B6D = {
			isa = PBXGroup;
			children = (
				C082DA4F27CC15CE00798B6D /* main.swift */,
			);
			sourceTree = "<group>";
		};
/* End PBXGroup section */

/* Begin PBXProject section */
		C082DA4827CC159100798B6D /* Project object */ = {
			isa = PBXProject;
			attributes = {
				BuildIndependentTargetsInParallel = 1;
				LastUpgradeCheck = 1320;
			};
			buildConfigurationList = C082DA4B27CC159100798B6D /* Build configuration list for PBXProject "RxSwiftTestApp" */;
			compatibilityVersion = "Xcode 13.0";
			developmentRegion = en;
			hasScannedForEncodings = 0;
			knownRegions = (
				en,
				Base,
			);
			mainGroup = C082DA4727CC159100798B6D;
			packageReferences = (
				C082DA4E27CC15AD00798B6D /* XCRemoteSwiftPackageReference "RxSwift" */,
			);
			projectDirPath = "";
			projectRoot = "";
			targets = (
			);
		};
/* End PBXProject section */

/* Begin XCBuildConfiguration section */
		C082DA4C27CC159100798B6D /* Debug */ = {
			isa = XCBuildConfiguration;
			buildSettings = {
			};
			name = Debug;
		};
		C082DA4D27CC159100798B6D /* Release */ = {
			isa = XCBuildConfiguration;
			buildSettings = {
			};
			name = Release;
		};
/* End XCBuildConfiguration section */

/* Begin XCConfigurationList section */
		C082DA4B27CC159100798B6D /* Build configuration list for PBXProject "RxSwiftTestApp" */ = {
			isa = XCConfigurationList;
			buildConfigurations = (
				C082DA4C27CC159100798B6D /* Debug */,
				C082DA4D27CC159100798B6D /* Release */,
			);
			defaultConfigurationIsVisible = 0;
			defaultConfigurationName = Release;
		};
/* End XCConfigurationList section */

/* Begin XCRemoteSwiftPackageReference section */
		C082DA4E27CC15AD00798B6D /* XCRemoteSwiftPackageReference "RxSwift" */ = {
			isa = XCRemoteSwiftPackageReference;
			repositoryURL = "https://github.com/ReactiveX/RxSwift.git";
			requirement = {
				branch = main;
				kind = branch;
			};
		};
/* End XCRemoteSwiftPackageReference section */
	};
	rootObject = C082DA4827CC159100798B6D /* Project object */;
}
