// !$*UTF8*$!
{
	archiveVersion = 1;
	classes = {
	};
	objectVersion = 55;
	objects = {

/* Begin PBXBuildFile section */
		C0645EFC27A2D58C00C88B92 /* AppDelegate.swift in Sources */ = {isa = PBXBuildFile; fileRef = C0645EFB27A2D58C00C88B92 /* AppDelegate.swift */; };
		C0645EFE27A2D58C00C88B92 /* SceneDelegate.swift in Sources */ = {isa = PBXBuildFile; fileRef = C0645EFD27A2D58C00C88B92 /* SceneDelegate.swift */; };
		C0645F0027A2D58C00C88B92 /* ViewController.swift in Sources */ = {isa = PBXBuildFile; fileRef = C0645EFF27A2D58C00C88B92 /* ViewController.swift */; };
		C0645F0327A2D58C00C88B92 /* Main.storyboard in Resources */ = {isa = PBXBuildFile; fileRef = C0645F0127A2D58C00C88B92 /* Main.storyboard */; };
		C0645F0527A2D58D00C88B92 /* Assets.xcassets in Resources */ = {isa = PBXBuildFile; fileRef = C0645F0427A2D58D00C88B92 /* Assets.xcassets */; };
		C0645F0827A2D58D00C88B92 /* LaunchScreen.storyboard in Resources */ = {isa = PBXBuildFile; fileRef = C0645F0627A2D58D00C88B92 /* LaunchScreen.storyboard */; };
		C0645F1327A2D58D00C88B92 /* quizTests.swift in Sources */ = {isa = PBXBuildFile; fileRef = C0645F1227A2D58D00C88B92 /* quizTests.swift */; };
		C0645F1D27A2D58D00C88B92 /* quizUITests.swift in Sources */ = {isa = PBXBuildFile; fileRef = C0645F1C27A2D58D00C88B92 /* quizUITests.swift */; };
		C0645F1F27A2D58D00C88B92 /* quizUITestsLaunchTests.swift in Sources */ = {isa = PBXBuildFile; fileRef = C0645F1E27A2D58D00C88B92 /* quizUITestsLaunchTests.swift */; };
/* End PBXBuildFile section */

/* Begin PBXContainerItemProxy section */
		C0645F0F27A2D58D00C88B92 /* PBXContainerItemProxy */ = {
			isa = PBXContainerItemProxy;
			containerPortal = C0645EF027A2D58C00C88B92 /* Project object */;
			proxyType = 1;
			remoteGlobalIDString = C0645EF727A2D58C00C88B92;
			remoteInfo = quiz;
		};
		C0645F1927A2D58D00C88B92 /* PBXContainerItemProxy */ = {
			isa = PBXContainerItemProxy;
			containerPortal = C0645EF027A2D58C00C88B92 /* Project object */;
			proxyType = 1;
			remoteGlobalIDString = C0645EF727A2D58C00C88B92;
			remoteInfo = quiz;
		};
/* End PBXContainerItemProxy section */

/* Begin PBXFileReference section */
		C0645EF827A2D58C00C88B92 /* quiz.app */ = {isa = PBXFileReference; explicitFileType = wrapper.application; includeInIndex = 0; path = quiz.app; sourceTree = BUILT_PRODUCTS_DIR; };
		C0645EFB27A2D58C00C88B92 /* AppDelegate.swift */ = {isa = PBXFileReference; lastKnownFileType = sourcecode.swift; path = AppDelegate.swift; sourceTree = "<group>"; };
		C0645EFD27A2D58C00C88B92 /* SceneDelegate.swift */ = {isa = PBXFileReference; lastKnownFileType = sourcecode.swift; path = SceneDelegate.swift; sourceTree = "<group>"; };
		C0645EFF27A2D58C00C88B92 /* ViewController.swift */ = {isa = PBXFileReference; lastKnownFileType = sourcecode.swift; path = ViewController.swift; sourceTree = "<group>"; };
		C0645F0227A2D58C00C88B92 /* Base */ = {isa = PBXFileReference; lastKnownFileType = file.storyboard; name = Base; path = Base.lproj/Main.storyboard; sourceTree = "<group>"; };
		C0645F0427A2D58D00C88B92 /* Assets.xcassets */ = {isa = PBXFileReference; lastKnownFileType = folder.assetcatalog; path = Assets.xcassets; sourceTree = "<group>"; };
		C0645F0727A2D58D00C88B92 /* Base */ = {isa = PBXFileReference; lastKnownFileType = file.storyboard; name = Base; path = Base.lproj/LaunchScreen.storyboard; sourceTree = "<group>"; };
		C0645F0927A2D58D00C88B92 /* Info.plist */ = {isa = PBXFileReference; lastKnownFileType = text.plist.xml; path = Info.plist; sourceTree = "<group>"; };
		C0645F0E27A2D58D00C88B92 /* quizTests.xctest */ = {isa = PBXFileReference; explicitFileType = wrapper.cfbundle; includeInIndex = 0; path = quizTests.xctest; sourceTree = BUILT_PRODUCTS_DIR; };
		C0645F1227A2D58D00C88B92 /* quizTests.swift */ = {isa = PBXFileReference; lastKnownFileType = sourcecode.swift; path = quizTests.swift; sourceTree = "<group>"; };
		C0645F1827A2D58D00C88B92 /* quizUITests.xctest */ = {isa = PBXFileReference; explicitFileType = wrapper.cfbundle; includeInIndex = 0; path = quizUITests.xctest; sourceTree = BUILT_PRODUCTS_DIR; };
		C0645F1C27A2D58D00C88B92 /* quizUITests.swift */ = {isa = PBXFileReference; lastKnownFileType = sourcecode.swift; path = quizUITests.swift; sourceTree = "<group>"; };
		C0645F1E27A2D58D00C88B92 /* quizUITestsLaunchTests.swift */ = {isa = PBXFileReference; lastKnownFileType = sourcecode.swift; path = quizUITestsLaunchTests.swift; sourceTree = "<group>"; };
/* End PBXFileReference section */

/* Begin PBXFrameworksBuildPhase section */
		C0645EF527A2D58C00C88B92 /* Frameworks */ = {
			isa = PBXFrameworksBuildPhase;
			buildActionMask = 2147483647;
			files = (
			);
			runOnlyForDeploymentPostprocessing = 0;
		};
		C0645F0B27A2D58D00C88B92 /* Frameworks */ = {
			isa = PBXFrameworksBuildPhase;
			buildActionMask = 2147483647;
			files = (
			);
			runOnlyForDeploymentPostprocessing = 0;
		};
		C0645F1527A2D58D00C88B92 /* Frameworks */ = {
			isa = PBXFrameworksBuildPhase;
			buildActionMask = 2147483647;
			files = (
			);
			runOnlyForDeploymentPostprocessing = 0;
		};
/* End PBXFrameworksBuildPhase section */

/* Begin PBXGroup section */
		C0645EEF27A2D58C00C88B92 = {
			isa = PBXGroup;
			children = (
				C0645EFA27A2D58C00C88B92 /* quiz */,
				C0645F1127A2D58D00C88B92 /* quizTests */,
				C0645F1B27A2D58D00C88B92 /* quizUITests */,
				C0645EF927A2D58C00C88B92 /* Products */,
			);
			sourceTree = "<group>";
		};
		C0645EF927A2D58C00C88B92 /* Products */ = {
			isa = PBXGroup;
			children = (
				C0645EF827A2D58C00C88B92 /* quiz.app */,
				C0645F0E27A2D58D00C88B92 /* quizTests.xctest */,
				C0645F1827A2D58D00C88B92 /* quizUITests.xctest */,
			);
			name = Products;
			sourceTree = "<group>";
		};
		C0645EFA27A2D58C00C88B92 /* quiz */ = {
			isa = PBXGroup;
			children = (
				C0645EFB27A2D58C00C88B92 /* AppDelegate.swift */,
				C0645EFD27A2D58C00C88B92 /* SceneDelegate.swift */,
				C0645EFF27A2D58C00C88B92 /* ViewController.swift */,
				C0645F0127A2D58C00C88B92 /* Main.storyboard */,
				C0645F0427A2D58D00C88B92 /* Assets.xcassets */,
				C0645F0627A2D58D00C88B92 /* LaunchScreen.storyboard */,
				C0645F0927A2D58D00C88B92 /* Info.plist */,
			);
			path = quiz;
			sourceTree = "<group>";
		};
		C0645F1127A2D58D00C88B92 /* quizTests */ = {
			isa = PBXGroup;
			children = (
				C0645F1227A2D58D00C88B92 /* quizTests.swift */,
			);
			path = quizTests;
			sourceTree = "<group>";
		};
		C0645F1B27A2D58D00C88B92 /* quizUITests */ = {
			isa = PBXGroup;
			children = (
				C0645F1C27A2D58D00C88B92 /* quizUITests.swift */,
				C0645F1E27A2D58D00C88B92 /* quizUITestsLaunchTests.swift */,
			);
			path = quizUITests;
			sourceTree = "<group>";
		};
/* End PBXGroup section */

/* Begin PBXNativeTarget section */
		C0645EF727A2D58C00C88B92 /* quiz */ = {
			isa = PBXNativeTarget;
			buildConfigurationList = C0645F2227A2D58D00C88B92 /* Build configuration list for PBXNativeTarget "quiz" */;
			buildPhases = (
				C0645EF427A2D58C00C88B92 /* Sources */,
				C0645EF527A2D58C00C88B92 /* Frameworks */,
				C0645EF627A2D58C00C88B92 /* Resources */,
			);
			buildRules = (
			);
			dependencies = (
			);
			name = quiz;
			productName = quiz;
			productReference = C0645EF827A2D58C00C88B92 /* quiz.app */;
			productType = "com.apple.product-type.application";
		};
		C0645F0D27A2D58D00C88B92 /* quizTests */ = {
			isa = PBXNativeTarget;
			buildConfigurationList = C0645F2527A2D58D00C88B92 /* Build configuration list for PBXNativeTarget "quizTests" */;
			buildPhases = (
				C0645F0A27A2D58D00C88B92 /* Sources */,
				C0645F0B27A2D58D00C88B92 /* Frameworks */,
				C0645F0C27A2D58D00C88B92 /* Resources */,
			);
			buildRules = (
			);
			dependencies = (
				C0645F1027A2D58D00C88B92 /* PBXTargetDependency */,
			);
			name = quizTests;
			productName = quizTests;
			productReference = C0645F0E27A2D58D00C88B92 /* quizTests.xctest */;
			productType = "com.apple.product-type.bundle.unit-test";
		};
		C0645F1727A2D58D00C88B92 /* quizUITests */ = {
			isa = PBXNativeTarget;
			buildConfigurationList = C0645F2827A2D58D00C88B92 /* Build configuration list for PBXNativeTarget "quizUITests" */;
			buildPhases = (
				C0645F1427A2D58D00C88B92 /* Sources */,
				C0645F1527A2D58D00C88B92 /* Frameworks */,
				C0645F1627A2D58D00C88B92 /* Resources */,
			);
			buildRules = (
			);
			dependencies = (
				C0645F1A27A2D58D00C88B92 /* PBXTargetDependency */,
			);
			name = quizUITests;
			productName = quizUITests;
			productReference = C0645F1827A2D58D00C88B92 /* quizUITests.xctest */;
			productType = "com.apple.product-type.bundle.ui-testing";
		};
/* End PBXNativeTarget section */

/* Begin PBXProject section */
		C0645EF027A2D58C00C88B92 /* Project object */ = {
			isa = PBXProject;
			attributes = {
				BuildIndependentTargetsInParallel = 1;
				LastSwiftUpdateCheck = 1320;
				LastUpgradeCheck = 1320;
				TargetAttributes = {
					C0645EF727A2D58C00C88B92 = {
						CreatedOnToolsVersion = 13.2.1;
					};
					C0645F0D27A2D58D00C88B92 = {
						CreatedOnToolsVersion = 13.2.1;
						TestTargetID = C0645EF727A2D58C00C88B92;
					};
					C0645F1727A2D58D00C88B92 = {
						CreatedOnToolsVersion = 13.2.1;
						TestTargetID = C0645EF727A2D58C00C88B92;
					};
				};
			};
			buildConfigurationList = C0645EF327A2D58C00C88B92 /* Build configuration list for PBXProject "quiz" */;
			compatibilityVersion = "Xcode 13.0";
			developmentRegion = en;
			hasScannedForEncodings = 0;
			knownRegions = (
				en,
				Base,
			);
			mainGroup = C0645EEF27A2D58C00C88B92;
			productRefGroup = C0645EF927A2D58C00C88B92 /* Products */;
			projectDirPath = "";
			projectRoot = "";
			targets = (
				C0645EF727A2D58C00C88B92 /* quiz */,
				C0645F0D27A2D58D00C88B92 /* quizTests */,
				C0645F1727A2D58D00C88B92 /* quizUITests */,
			);
		};
/* End PBXProject section */

/* Begin PBXResourcesBuildPhase section */
		C0645EF627A2D58C00C88B92 /* Resources */ = {
			isa = PBXResourcesBuildPhase;
			buildActionMask = 2147483647;
			files = (
				C0645F0827A2D58D00C88B92 /* LaunchScreen.storyboard in Resources */,
				C0645F0527A2D58D00C88B92 /* Assets.xcassets in Resources */,
				C0645F0327A2D58C00C88B92 /* Main.storyboard in Resources */,
			);
			runOnlyForDeploymentPostprocessing = 0;
		};
		C0645F0C27A2D58D00C88B92 /* Resources */ = {
			isa = PBXResourcesBuildPhase;
			buildActionMask = 2147483647;
			files = (
			);
			runOnlyForDeploymentPostprocessing = 0;
		};
		C0645F1627A2D58D00C88B92 /* Resources */ = {
			isa = PBXResourcesBuildPhase;
			buildActionMask = 2147483647;
			files = (
			);
			runOnlyForDeploymentPostprocessing = 0;
		};
/* End PBXResourcesBuildPhase section */

/* Begin PBXSourcesBuildPhase section */
		C0645EF427A2D58C00C88B92 /* Sources */ = {
			isa = PBXSourcesBuildPhase;
			buildActionMask = 2147483647;
			files = (
				C0645F0027A2D58C00C88B92 /* ViewController.swift in Sources */,
				C0645EFC27A2D58C00C88B92 /* AppDelegate.swift in Sources */,
				C0645EFE27A2D58C00C88B92 /* SceneDelegate.swift in Sources */,
			);
			runOnlyForDeploymentPostprocessing = 0;
		};
		C0645F0A27A2D58D00C88B92 /* Sources */ = {
			isa = PBXSourcesBuildPhase;
			buildActionMask = 2147483647;
			files = (
				C0645F1327A2D58D00C88B92 /* quizTests.swift in Sources */,
			);
			runOnlyForDeploymentPostprocessing = 0;
		};
		C0645F1427A2D58D00C88B92 /* Sources */ = {
			isa = PBXSourcesBuildPhase;
			buildActionMask = 2147483647;
			files = (
				C0645F1D27A2D58D00C88B92 /* quizUITests.swift in Sources */,
				C0645F1F27A2D58D00C88B92 /* quizUITestsLaunchTests.swift in Sources */,
			);
			runOnlyForDeploymentPostprocessing = 0;
		};
/* End PBXSourcesBuildPhase section */

/* Begin PBXTargetDependency section */
		C0645F1027A2D58D00C88B92 /* PBXTargetDependency */ = {
			isa = PBXTargetDependency;
			target = C0645EF727A2D58C00C88B92 /* quiz */;
			targetProxy = C0645F0F27A2D58D00C88B92 /* PBXContainerItemProxy */;
		};
		C0645F1A27A2D58D00C88B92 /* PBXTargetDependency */ = {
			isa = PBXTargetDependency;
			target = C0645EF727A2D58C00C88B92 /* quiz */;
			targetProxy = C0645F1927A2D58D00C88B92 /* PBXContainerItemProxy */;
		};
/* End PBXTargetDependency section */

/* Begin PBXVariantGroup section */
		C0645F0127A2D58C00C88B92 /* Main.storyboard */ = {
			isa = PBXVariantGroup;
			children = (
				C0645F0227A2D58C00C88B92 /* Base */,
			);
			name = Main.storyboard;
			sourceTree = "<group>";
		};
		C0645F0627A2D58D00C88B92 /* LaunchScreen.storyboard */ = {
			isa = PBXVariantGroup;
			children = (
				C0645F0727A2D58D00C88B92 /* Base */,
			);
			name = LaunchScreen.storyboard;
			sourceTree = "<group>";
		};
/* End PBXVariantGroup section */

/* Begin XCBuildConfiguration section */
		C0645F2027A2D58D00C88B92 /* Debug */ = {
			isa = XCBuildConfiguration;
			buildSettings = {
				ALWAYS_SEARCH_USER_PATHS = NO;
				CLANG_ANALYZER_NONNULL = YES;
				CLANG_ANALYZER_NUMBER_OBJECT_CONVERSION = YES_AGGRESSIVE;
				CLANG_CXX_LANGUAGE_STANDARD = "gnu++17";
				CLANG_CXX_LIBRARY = "libc++";
				CLANG_ENABLE_MODULES = YES;
				CLANG_ENABLE_OBJC_ARC = YES;
				CLANG_ENABLE_OBJC_WEAK = YES;
				CLANG_WARN_BLOCK_CAPTURE_AUTORELEASING = YES;
				CLANG_WARN_BOOL_CONVERSION = YES;
				CLANG_WARN_COMMA = YES;
				CLANG_WARN_CONSTANT_CONVERSION = YES;
				CLANG_WARN_DEPRECATED_OBJC_IMPLEMENTATIONS = YES;
				CLANG_WARN_DIRECT_OBJC_ISA_USAGE = YES_ERROR;
				CLANG_WARN_DOCUMENTATION_COMMENTS = YES;
				CLANG_WARN_EMPTY_BODY = YES;
				CLANG_WARN_ENUM_CONVERSION = YES;
				CLANG_WARN_INFINITE_RECURSION = YES;
				CLANG_WARN_INT_CONVERSION = YES;
				CLANG_WARN_NON_LITERAL_NULL_CONVERSION = YES;
				CLANG_WARN_OBJC_IMPLICIT_RETAIN_SELF = YES;
				CLANG_WARN_OBJC_LITERAL_CONVERSION = YES;
				CLANG_WARN_OBJC_ROOT_CLASS = YES_ERROR;
				CLANG_WARN_QUOTED_INCLUDE_IN_FRAMEWORK_HEADER = YES;
				CLANG_WARN_RANGE_LOOP_ANALYSIS = YES;
				CLANG_WARN_STRICT_PROTOTYPES = YES;
				CLANG_WARN_SUSPICIOUS_MOVE = YES;
				CLANG_WARN_UNGUARDED_AVAILABILITY = YES_AGGRESSIVE;
				CLANG_WARN_UNREACHABLE_CODE = YES;
				CLANG_WARN__DUPLICATE_METHOD_MATCH = YES;
				COPY_PHASE_STRIP = NO;
				DEBUG_INFORMATION_FORMAT = dwarf;
				ENABLE_STRICT_OBJC_MSGSEND = YES;
				ENABLE_TESTABILITY = YES;
				GCC_C_LANGUAGE_STANDARD = gnu11;
				GCC_DYNAMIC_NO_PIC = NO;
				GCC_NO_COMMON_BLOCKS = YES;
				GCC_OPTIMIZATION_LEVEL = 0;
				GCC_PREPROCESSOR_DEFINITIONS = (
					"DEBUG=1",
					"$(inherited)",
				);
				GCC_WARN_64_TO_32_BIT_CONVERSION = YES;
				GCC_WARN_ABOUT_RETURN_TYPE = YES_ERROR;
				GCC_WARN_UNDECLARED_SELECTOR = YES;
				GCC_WARN_UNINITIALIZED_AUTOS = YES_AGGRESSIVE;
				GCC_WARN_UNUSED_FUNCTION = YES;
				GCC_WARN_UNUSED_VARIABLE = YES;
				IPHONEOS_DEPLOYMENT_TARGET = 15.2;
				MTL_ENABLE_DEBUG_INFO = INCLUDE_SOURCE;
				MTL_FAST_MATH = YES;
				ONLY_ACTIVE_ARCH = YES;
				SDKROOT = iphoneos;
				SWIFT_ACTIVE_COMPILATION_CONDITIONS = DEBUG;
				SWIFT_OPTIMIZATION_LEVEL = "-Onone";
			};
			name = Debug;
		};
		C0645F2127A2D58D00C88B92 /* Release */ = {
			isa = XCBuildConfiguration;
			buildSettings = {
				ALWAYS_SEARCH_USER_PATHS = NO;
				CLANG_ANALYZER_NONNULL = YES;
				CLANG_ANALYZER_NUMBER_OBJECT_CONVERSION = YES_AGGRESSIVE;
				CLANG_CXX_LANGUAGE_STANDARD = "gnu++17";
				CLANG_CXX_LIBRARY = "libc++";
				CLANG_ENABLE_MODULES = YES;
				CLANG_ENABLE_OBJC_ARC = YES;
				CLANG_ENABLE_OBJC_WEAK = YES;
				CLANG_WARN_BLOCK_CAPTURE_AUTORELEASING = YES;
				CLANG_WARN_BOOL_CONVERSION = YES;
				CLANG_WARN_COMMA = YES;
				CLANG_WARN_CONSTANT_CONVERSION = YES;
				CLANG_WARN_DEPRECATED_OBJC_IMPLEMENTATIONS = YES;
				CLANG_WARN_DIRECT_OBJC_ISA_USAGE = YES_ERROR;
				CLANG_WARN_DOCUMENTATION_COMMENTS = YES;
				CLANG_WARN_EMPTY_BODY = YES;
				CLANG_WARN_ENUM_CONVERSION = YES;
				CLANG_WARN_INFINITE_RECURSION = YES;
				CLANG_WARN_INT_CONVERSION = YES;
				CLANG_WARN_NON_LITERAL_NULL_CONVERSION = YES;
				CLANG_WARN_OBJC_IMPLICIT_RETAIN_SELF = YES;
				CLANG_WARN_OBJC_LITERAL_CONVERSION = YES;
				CLANG_WARN_OBJC_ROOT_CLASS = YES_ERROR;
				CLANG_WARN_QUOTED_INCLUDE_IN_FRAMEWORK_HEADER = YES;
				CLANG_WARN_RANGE_LOOP_ANALYSIS = YES;
				CLANG_WARN_STRICT_PROTOTYPES = YES;
				CLANG_WARN_SUSPICIOUS_MOVE = YES;
				CLANG_WARN_UNGUARDED_AVAILABILITY = YES_AGGRESSIVE;
				CLANG_WARN_UNREACHABLE_CODE = YES;
				CLANG_WARN__DUPLICATE_METHOD_MATCH = YES;
				COPY_PHASE_STRIP = NO;
				DEBUG_INFORMATION_FORMAT = "dwarf-with-dsym";
				ENABLE_NS_ASSERTIONS = NO;
				ENABLE_STRICT_OBJC_MSGSEND = YES;
				GCC_C_LANGUAGE_STANDARD = gnu11;
				GCC_NO_COMMON_BLOCKS = YES;
				GCC_WARN_64_TO_32_BIT_CONVERSION = YES;
				GCC_WARN_ABOUT_RETURN_TYPE = YES_ERROR;
				GCC_WARN_UNDECLARED_SELECTOR = YES;
				GCC_WARN_UNINITIALIZED_AUTOS = YES_AGGRESSIVE;
				GCC_WARN_UNUSED_FUNCTION = YES;
				GCC_WARN_UNUSED_VARIABLE = YES;
				IPHONEOS_DEPLOYMENT_TARGET = 15.2;
				MTL_ENABLE_DEBUG_INFO = NO;
				MTL_FAST_MATH = YES;
				SDKROOT = iphoneos;
				SWIFT_COMPILATION_MODE = wholemodule;
				SWIFT_OPTIMIZATION_LEVEL = "-O";
				VALIDATE_PRODUCT = YES;
			};
			name = Release;
		};
		C0645F2327A2D58D00C88B92 /* Debug */ = {
			isa = XCBuildConfiguration;
			buildSettings = {
				ASSETCATALOG_COMPILER_APPICON_NAME = AppIcon;
				ASSETCATALOG_COMPILER_GLOBAL_ACCENT_COLOR_NAME = AccentColor;
				CODE_SIGN_STYLE = Automatic;
				CURRENT_PROJECT_VERSION = 1;
				DEVELOPMENT_TEAM = 6Z4HL9QVPS;
				GENERATE_INFOPLIST_FILE = YES;
				INFOPLIST_FILE = quiz/Info.plist;
				INFOPLIST_KEY_UIApplicationSupportsIndirectInputEvents = YES;
				INFOPLIST_KEY_UILaunchStoryboardName = Main;
				INFOPLIST_KEY_UIMainStoryboardFile = Main;
				INFOPLIST_KEY_UISupportedInterfaceOrientations_iPad = "UIInterfaceOrientationPortrait UIInterfaceOrientationPortraitUpsideDown UIInterfaceOrientationLandscapeLeft UIInterfaceOrientationLandscapeRight";
				INFOPLIST_KEY_UISupportedInterfaceOrientations_iPhone = "UIInterfaceOrientationPortrait UIInterfaceOrientationLandscapeLeft UIInterfaceOrientationLandscapeRight";
				LD_RUNPATH_SEARCH_PATHS = (
					"$(inherited)",
					"@executable_path/Frameworks",
				);
				MARKETING_VERSION = 1.0;
				PRODUCT_BUNDLE_IDENTIFIER = com.gabriel.quiz;
				PRODUCT_NAME = "$(TARGET_NAME)";
				SWIFT_EMIT_LOC_STRINGS = YES;
				SWIFT_VERSION = 5.0;
				TARGETED_DEVICE_FAMILY = "1,2";
			};
			name = Debug;
		};
		C0645F2427A2D58D00C88B92 /* Release */ = {
			isa = XCBuildConfiguration;
			buildSettings = {
				ASSETCATALOG_COMPILER_APPICON_NAME = AppIcon;
				ASSETCATALOG_COMPILER_GLOBAL_ACCENT_COLOR_NAME = AccentColor;
				CODE_SIGN_STYLE = Automatic;
				CURRENT_PROJECT_VERSION = 1;
				DEVELOPMENT_TEAM = 6Z4HL9QVPS;
				GENERATE_INFOPLIST_FILE = YES;
				INFOPLIST_FILE = quiz/Info.plist;
				INFOPLIST_KEY_UIApplicationSupportsIndirectInputEvents = YES;
				INFOPLIST_KEY_UILaunchStoryboardName = Main;
				INFOPLIST_KEY_UIMainStoryboardFile = Main;
				INFOPLIST_KEY_UISupportedInterfaceOrientations_iPad = "UIInterfaceOrientationPortrait UIInterfaceOrientationPortraitUpsideDown UIInterfaceOrientationLandscapeLeft UIInterfaceOrientationLandscapeRight";
				INFOPLIST_KEY_UISupportedInterfaceOrientations_iPhone = "UIInterfaceOrientationPortrait UIInterfaceOrientationLandscapeLeft UIInterfaceOrientationLandscapeRight";
				LD_RUNPATH_SEARCH_PATHS = (
					"$(inherited)",
					"@executable_path/Frameworks",
				);
				MARKETING_VERSION = 1.0;
				PRODUCT_BUNDLE_IDENTIFIER = com.gabriel.quiz;
				PRODUCT_NAME = "$(TARGET_NAME)";
				SWIFT_EMIT_LOC_STRINGS = YES;
				SWIFT_VERSION = 5.0;
				TARGETED_DEVICE_FAMILY = "1,2";
			};
			name = Release;
		};
		C0645F2627A2D58D00C88B92 /* Debug */ = {
			isa = XCBuildConfiguration;
			buildSettings = {
				ALWAYS_EMBED_SWIFT_STANDARD_LIBRARIES = YES;
				BUNDLE_LOADER = "$(TEST_HOST)";
				CODE_SIGN_STYLE = Automatic;
				CURRENT_PROJECT_VERSION = 1;
				DEVELOPMENT_TEAM = 6Z4HL9QVPS;
				GENERATE_INFOPLIST_FILE = YES;
				IPHONEOS_DEPLOYMENT_TARGET = 15.2;
				MARKETING_VERSION = 1.0;
				PRODUCT_BUNDLE_IDENTIFIER = com.gabriel.quizTests;
				PRODUCT_NAME = "$(TARGET_NAME)";
				SWIFT_EMIT_LOC_STRINGS = NO;
				SWIFT_VERSION = 5.0;
				TARGETED_DEVICE_FAMILY = "1,2";
				TEST_HOST = "$(BUILT_PRODUCTS_DIR)/quiz.app/quiz";
			};
			name = Debug;
		};
		C0645F2727A2D58D00C88B92 /* Release */ = {
			isa = XCBuildConfiguration;
			buildSettings = {
				ALWAYS_EMBED_SWIFT_STANDARD_LIBRARIES = YES;
				BUNDLE_LOADER = "$(TEST_HOST)";
				CODE_SIGN_STYLE = Automatic;
				CURRENT_PROJECT_VERSION = 1;
				DEVELOPMENT_TEAM = 6Z4HL9QVPS;
				GENERATE_INFOPLIST_FILE = YES;
				IPHONEOS_DEPLOYMENT_TARGET = 15.2;
				MARKETING_VERSION = 1.0;
				PRODUCT_BUNDLE_IDENTIFIER = com.gabriel.quizTests;
				PRODUCT_NAME = "$(TARGET_NAME)";
				SWIFT_EMIT_LOC_STRINGS = NO;
				SWIFT_VERSION = 5.0;
				TARGETED_DEVICE_FAMILY = "1,2";
				TEST_HOST = "$(BUILT_PRODUCTS_DIR)/quiz.app/quiz";
			};
			name = Release;
		};
		C0645F2927A2D58D00C88B92 /* Debug */ = {
			isa = XCBuildConfiguration;
			buildSettings = {
				ALWAYS_EMBED_SWIFT_STANDARD_LIBRARIES = YES;
				CODE_SIGN_STYLE = Automatic;
				CURRENT_PROJECT_VERSION = 1;
				DEVELOPMENT_TEAM = 6Z4HL9QVPS;
				GENERATE_INFOPLIST_FILE = YES;
				MARKETING_VERSION = 1.0;
				PRODUCT_BUNDLE_IDENTIFIER = com.gabriel.quizUITests;
				PRODUCT_NAME = "$(TARGET_NAME)";
				SWIFT_EMIT_LOC_STRINGS = NO;
				SWIFT_VERSION = 5.0;
				TARGETED_DEVICE_FAMILY = "1,2";
				TEST_TARGET_NAME = quiz;
			};
			name = Debug;
		};
		C0645F2A27A2D58D00C88B92 /* Release */ = {
			isa = XCBuildConfiguration;
			buildSettings = {
				ALWAYS_EMBED_SWIFT_STANDARD_LIBRARIES = YES;
				CODE_SIGN_STYLE = Automatic;
				CURRENT_PROJECT_VERSION = 1;
				DEVELOPMENT_TEAM = 6Z4HL9QVPS;
				GENERATE_INFOPLIST_FILE = YES;
				MARKETING_VERSION = 1.0;
				PRODUCT_BUNDLE_IDENTIFIER = com.gabriel.quizUITests;
				PRODUCT_NAME = "$(TARGET_NAME)";
				SWIFT_EMIT_LOC_STRINGS = NO;
				SWIFT_VERSION = 5.0;
				TARGETED_DEVICE_FAMILY = "1,2";
				TEST_TARGET_NAME = quiz;
			};
			name = Release;
		};
/* End XCBuildConfiguration section */

/* Begin XCConfigurationList section */
		C0645EF327A2D58C00C88B92 /* Build configuration list for PBXProject "quiz" */ = {
			isa = XCConfigurationList;
			buildConfigurations = (
				C0645F2027A2D58D00C88B92 /* Debug */,
				C0645F2127A2D58D00C88B92 /* Release */,
			);
			defaultConfigurationIsVisible = 0;
			defaultConfigurationName = Release;
		};
		C0645F2227A2D58D00C88B92 /* Build configuration list for PBXNativeTarget "quiz" */ = {
			isa = XCConfigurationList;
			buildConfigurations = (
				C0645F2327A2D58D00C88B92 /* Debug */,
				C0645F2427A2D58D00C88B92 /* Release */,
			);
			defaultConfigurationIsVisible = 0;
			defaultConfigurationName = Release;
		};
		C0645F2527A2D58D00C88B92 /* Build configuration list for PBXNativeTarget "quizTests" */ = {
			isa = XCConfigurationList;
			buildConfigurations = (
				C0645F2627A2D58D00C88B92 /* Debug */,
				C0645F2727A2D58D00C88B92 /* Release */,
			);
			defaultConfigurationIsVisible = 0;
			defaultConfigurationName = Release;
		};
		C0645F2827A2D58D00C88B92 /* Build configuration list for PBXNativeTarget "quizUITests" */ = {
			isa = XCConfigurationList;
			buildConfigurations = (
				C0645F2927A2D58D00C88B92 /* Debug */,
				C0645F2A27A2D58D00C88B92 /* Release */,
			);
			defaultConfigurationIsVisible = 0;
			defaultConfigurationName = Release;
		};
/* End XCConfigurationList section */
	};
	rootObject = C0645EF027A2D58C00C88B92 /* Project object */;
}
